
Microsoft Visual Studio Solution File, Format Version 12.00
# Visual Studio 15
VisualStudioVersion = 15.0.27130.2024
MinimumVisualStudioVersion = 10.0.40219.1
Project("{FAE04EC0-301F-11D3-BF4B-00C04F79EFBC}") = "WebForm", "WebForm\WebForm.csproj", "{E0FDB2DD-8284-4BE5-9DA1-67EA35A842CD}"
EndProject
Global
	GlobalSection(SolutionConfigurationPlatforms) = preSolution
		Debug|Any CPU = Debug|Any CPU
		Release|Any CPU = Release|Any CPU
	EndGlobalSection
	GlobalSection(ProjectConfigurationPlatforms) = postSolution
		{E0FDB2DD-8284-4BE5-9DA1-67EA35A842CD}.Debug|Any CPU.ActiveCfg = Debug|Any CPU
		{E0FDB2DD-8284-4BE5-9DA1-67EA35A842CD}.Debug|Any CPU.Build.0 = Debug|Any CPU
		{E0FDB2DD-8284-4BE5-9DA1-67EA35A842CD}.Release|Any CPU.ActiveCfg = Release|Any CPU
		{E0FDB2DD-8284-4BE5-9DA1-67EA35A842CD}.Release|Any CPU.Build.0 = Release|Any CPU
	EndGlobalSection
	GlobalSection(SolutionProperties) = preSolution
		HideSolutionNode = FALSE
	EndGlobalSection
	GlobalSection(ExtensibilityGlobals) = postSolution
		SolutionGuid = {84CF2856-9AF9-4914-9A7A-ED88BA61E34C}
	EndGlobalSection
EndGlobal
